
Microsoft Visual Studio Solution File, Format Version 12.00
Project("{FAE04EC0-301F-11D3-BF4B-00C04F79EFBC}") = "AccessModifiersTask", "AccessModifiersTask\AccessModifiersTask.csproj", "{90BC780F-CA22-4A38-AD65-B7449C4C9E61}"
EndProject
Project("{FAE04EC0-301F-11D3-BF4B-00C04F79EFBC}") = "CustomValidator", "CustomValidator\CustomValidator.csproj", "{8BDBC832-F452-4C2C-BBC0-1D57710193DF}"
EndProject
Global
	GlobalSection(SolutionConfigurationPlatforms) = preSolution
		Debug|Any CPU = Debug|Any CPU
		Release|Any CPU = Release|Any CPU
	EndGlobalSection
	GlobalSection(ProjectConfigurationPlatforms) = postSolution
		{90BC780F-CA22-4A38-AD65-B7449C4C9E61}.Debug|Any CPU.ActiveCfg = Debug|Any CPU
		{90BC780F-CA22-4A38-AD65-B7449C4C9E61}.Debug|Any CPU.Build.0 = Debug|Any CPU
		{90BC780F-CA22-4A38-AD65-B7449C4C9E61}.Release|Any CPU.ActiveCfg = Release|Any CPU
		{90BC780F-CA22-4A38-AD65-B7449C4C9E61}.Release|Any CPU.Build.0 = Release|Any CPU
		{8BDBC832-F452-4C2C-BBC0-1D57710193DF}.Debug|Any CPU.ActiveCfg = Debug|Any CPU
		{8BDBC832-F452-4C2C-BBC0-1D57710193DF}.Debug|Any CPU.Build.0 = Debug|Any CPU
		{8BDBC832-F452-4C2C-BBC0-1D57710193DF}.Release|Any CPU.ActiveCfg = Release|Any CPU
		{8BDBC832-F452-4C2C-BBC0-1D57710193DF}.Release|Any CPU.Build.0 = Release|Any CPU
	EndGlobalSection
EndGlobal
